
Microsoft Visual Studio Solution File, Format Version 12.00
# Visual Studio Version 16
VisualStudioVersion = 16.0.30002.166
MinimumVisualStudioVersion = 10.0.40219.1
Project("{FAE04EC0-301F-11D3-BF4B-00C04F79EFBC}") = "TestGzipMultipartForm", "TestGzipMultipartForm\TestGzipMultipartForm.csproj", "{17097BA8-E0B2-4484-BA9C-CD35A370E55E}"
EndProject
Project("{FAE04EC0-301F-11D3-BF4B-00C04F79EFBC}") = "TestGzipApi", "TestGzipApi\TestGzipApi.csproj", "{2357D9DC-D4AE-4054-8B88-B78F4B5F6BF4}"
EndProject
Global
	GlobalSection(SolutionConfigurationPlatforms) = preSolution
		Debug|Any CPU = Debug|Any CPU
		Release|Any CPU = Release|Any CPU
	EndGlobalSection
	GlobalSection(ProjectConfigurationPlatforms) = postSolution
		{17097BA8-E0B2-4484-BA9C-CD35A370E55E}.Debug|Any CPU.ActiveCfg = Debug|Any CPU
		{17097BA8-E0B2-4484-BA9C-CD35A370E55E}.Debug|Any CPU.Build.0 = Debug|Any CPU
		{17097BA8-E0B2-4484-BA9C-CD35A370E55E}.Release|Any CPU.ActiveCfg = Release|Any CPU
		{17097BA8-E0B2-4484-BA9C-CD35A370E55E}.Release|Any CPU.Build.0 = Release|Any CPU
		{2357D9DC-D4AE-4054-8B88-B78F4B5F6BF4}.Debug|Any CPU.ActiveCfg = Debug|Any CPU
		{2357D9DC-D4AE-4054-8B88-B78F4B5F6BF4}.Debug|Any CPU.Build.0 = Debug|Any CPU
		{2357D9DC-D4AE-4054-8B88-B78F4B5F6BF4}.Release|Any CPU.ActiveCfg = Release|Any CPU
		{2357D9DC-D4AE-4054-8B88-B78F4B5F6BF4}.Release|Any CPU.Build.0 = Release|Any CPU
	EndGlobalSection
	GlobalSection(SolutionProperties) = preSolution
		HideSolutionNode = FALSE
	EndGlobalSection
	GlobalSection(ExtensibilityGlobals) = postSolution
		SolutionGuid = {F68C0FDA-930A-4BC2-8FB2-1F5CA082D0AE}
	EndGlobalSection
EndGlobal
